
Microsoft Visual Studio Solution File, Format Version 12.00
# Visual Studio 2012
Project("{FAE04EC0-301F-11D3-BF4B-00C04F79EFBC}") = "Game", "2048\Game.csproj", "{835FA9FA-2908-4C3C-95BC-C65658D3C43A}"
EndProject
Project("{FAE04EC0-301F-11D3-BF4B-00C04F79EFBC}") = "UnitTest", "UnitTest\UnitTest.csproj", "{5D2B3966-358C-4870-885F-F6D4271F6BD6}"
EndProject
Project("{FAE04EC0-301F-11D3-BF4B-00C04F79EFBC}") = "PandaXOR", "PandaXOR\PandaXOR.csproj", "{657C7FFF-6255-4A24-97F6-8A4AD3476065}"
EndProject
Global
	GlobalSection(SolutionConfigurationPlatforms) = preSolution
		Debug|Any CPU = Debug|Any CPU
		Release|Any CPU = Release|Any CPU
	EndGlobalSection
	GlobalSection(ProjectConfigurationPlatforms) = postSolution
		{835FA9FA-2908-4C3C-95BC-C65658D3C43A}.Debug|Any CPU.ActiveCfg = Debug|Any CPU
		{835FA9FA-2908-4C3C-95BC-C65658D3C43A}.Debug|Any CPU.Build.0 = Debug|Any CPU
		{835FA9FA-2908-4C3C-95BC-C65658D3C43A}.Release|Any CPU.ActiveCfg = Release|Any CPU
		{835FA9FA-2908-4C3C-95BC-C65658D3C43A}.Release|Any CPU.Build.0 = Release|Any CPU
		{5D2B3966-358C-4870-885F-F6D4271F6BD6}.Debug|Any CPU.ActiveCfg = Debug|Any CPU
		{5D2B3966-358C-4870-885F-F6D4271F6BD6}.Debug|Any CPU.Build.0 = Debug|Any CPU
		{5D2B3966-358C-4870-885F-F6D4271F6BD6}.Release|Any CPU.ActiveCfg = Release|Any CPU
		{5D2B3966-358C-4870-885F-F6D4271F6BD6}.Release|Any CPU.Build.0 = Release|Any CPU
		{657C7FFF-6255-4A24-97F6-8A4AD3476065}.Debug|Any CPU.ActiveCfg = Debug|Any CPU
		{657C7FFF-6255-4A24-97F6-8A4AD3476065}.Debug|Any CPU.Build.0 = Debug|Any CPU
		{657C7FFF-6255-4A24-97F6-8A4AD3476065}.Release|Any CPU.ActiveCfg = Release|Any CPU
		{657C7FFF-6255-4A24-97F6-8A4AD3476065}.Release|Any CPU.Build.0 = Release|Any CPU
	EndGlobalSection
	GlobalSection(SolutionProperties) = preSolution
		HideSolutionNode = FALSE
	EndGlobalSection
EndGlobal
